{
    "_meta": {
        "hash": {
            "sha256": "c48207352a2cb40a8832b7a89a228040f411de02a7e0347bb757e9193575506d"
        },
        "pipfile-spec": 6,
        "requires": {
            "python_version": "3.6"
        },
        "sources": [
            {
                "name": "pypi",
                "url": "https://pypi.org/simple",
                "verify_ssl": true
            }
        ]
    },
    "default": {
        "argh": {
            "hashes": [
                "sha256:a9b3aaa1904eeb78e32394cd46c6f37ac0fb4af6dc488daa58971bdc7d7fcaf3",
                "sha256:e9535b8c84dc9571a48999094fda7f33e63c3f1b74f3e5f3ac0105a58405bb65"
            ],
            "version": "==0.26.2"
        },
        "argon2-cffi": {
            "hashes": [
                "sha256:1029fef2f7808a89e3baa306f5ace36e768a2d847ee7b056399adcd7707f6256",
                "sha256:206857d870c6ca3c92514ca70a3c371be47383f7ae6a448f5a16aa17baa550ba",
                "sha256:3558a7e22b886efad0c99b23b9be24880213b4e2d1630095459978cfcae570e2",
                "sha256:457fd6de741859aa91c750ffad97f12675c4356047e43392c5fb21f5d9f48b24",
                "sha256:4a1daa9f6960cdbdb865efcabac4158693459f52e7582c9f8a7c92dc61cdc8e1",
                "sha256:4bfb603184ea678563c0f1f1872367e81a3d2b70646a627d38ccede68d7b9194",
                "sha256:5d7493ed10e384b84b6dac862fe96c443297a25b991a8364d94a67b6cd1e9569",
                "sha256:5fb080047517add8d27baeb38a314814b5ab9c72630606788909b3f60a8f054a",
                "sha256:7453b16496b5629005a43c5f5707ef8a31fcfa5bb0ed34b5ba7b86a3cc9d02f2",
                "sha256:81548a27b919861040cb928a350733f4f9455dd67c7d1ba92eb5960a1d7f8b26",
                "sha256:84fd768d523f87097d572cdfb98e868cdbdc8e80e3d444787fd32e7f6ae25b02",
                "sha256:8b4cf6c0298f33b92fcd50f19899175b7421690fc8bc6ac68368320c158cbf51",
                "sha256:af6a4799411eee3f7133fead973727f5fefacd18ea23f51039e70cae51ceb109",
                "sha256:df7d60a4cf58dc08319fedc0506b42ec0fa5221c6e1f9e2e89fcddff92507390",
                "sha256:f9072e9f70185a57e36228d34aad4bb644e6a8b4fd6a45f856c666f38f6de96c",
                "sha256:fbae1d08b52f9a791500c650ab51ba00e374eaeccb5dbaa41b99dab4fd4115e8",
                "sha256:fe91e3bd95aeae70366693dcc970db03a71619d19df6fbaabf662c3b3c54cdf8",
                "sha256:fec86ee6f913154846171f66ee30c893c0cde3d434911f8b31c1f84a9aea410e"
            ],
            "index": "pypi",
            "version": "==19.1.0"
        },
        "asn1crypto": {
            "hashes": [
                "sha256:13ae38502be632115abf8a24cbe5f4da52e3b5231990aff31123c805306ccb9c",
                "sha256:db4e40728b728508912cbb3d44f19ce188f218e9eba635821bb4b68564f8fd67"
            ],
            "version": "==1.5.1"
        },
        "atomicwrites": {
            "hashes": [
                "sha256:81b2c9071a49367a7f770170e5eec8cb66567cfbbc8c73d20ce5ca4a8d71cf11"
            ],
            "version": "==1.4.1"
        },
        "attrs": {
            "hashes": [
                "sha256:29adc2665447e5191d0e7c568fde78b21f9672d344281d0c6e1ab085429b22b6",
                "sha256:86efa402f67bf2df34f51a335487cf46b1ec130d02b8d39fd248abfd30da551c"
            ],
            "markers": "python_version >= '3.5'",
            "version": "==22.1.0"
        },
        "certifi": {
            "hashes": [
                "sha256:35824b4c3a97115964b408844d64aa14db1cc518f6562e8d7261699d1350a9e3",
                "sha256:4ad3232f5e926d6718ec31cfc1fcadfde020920e278684144551c91769c7bc18"
            ],
            "index": "pypi",
            "version": "==2022.12.7"
        },
        "cffi": {
            "hashes": [
                "sha256:041c81822e9f84b1d9c401182e174996f0bae9991f33725d059b771744290774",
                "sha256:046ef9a22f5d3eed06334d01b1e836977eeef500d9b78e9ef693f9380ad0b83d",
                "sha256:066bc4c7895c91812eff46f4b1c285220947d4aa46fa0a2651ff85f2afae9c90",
                "sha256:066c7ff148ae33040c01058662d6752fd73fbc8e64787229ea8498c7d7f4041b",
                "sha256:2444d0c61f03dcd26dbf7600cf64354376ee579acad77aef459e34efcb438c63",
                "sha256:300832850b8f7967e278870c5d51e3819b9aad8f0a2c8dbe39ab11f119237f45",
                "sha256:34c77afe85b6b9e967bd8154e3855e847b70ca42043db6ad17f26899a3df1b25",
                "sha256:46de5fa00f7ac09f020729148ff632819649b3e05a007d286242c4882f7b1dc3",
                "sha256:4aa8ee7ba27c472d429b980c51e714a24f47ca296d53f4d7868075b175866f4b",
                "sha256:4d0004eb4351e35ed950c14c11e734182591465a33e960a4ab5e8d4f04d72647",
                "sha256:4e3d3f31a1e202b0f5a35ba3bc4eb41e2fc2b11c1eff38b362de710bcffb5016",
                "sha256:50bec6d35e6b1aaeb17f7c4e2b9374ebf95a8975d57863546fa83e8d31bdb8c4",
                "sha256:55cad9a6df1e2a1d62063f79d0881a414a906a6962bc160ac968cc03ed3efcfb",
                "sha256:5662ad4e4e84f1eaa8efce5da695c5d2e229c563f9d5ce5b0113f71321bcf753",
                "sha256:59b4dc008f98fc6ee2bb4fd7fc786a8d70000d058c2bbe2698275bc53a8d3fa7",
                "sha256:73e1ffefe05e4ccd7bcea61af76f36077b914f92b76f95ccf00b0c1b9186f3f9",
                "sha256:a1f0fd46eba2d71ce1589f7e50a9e2ffaeb739fb2c11e8192aa2b45d5f6cc41f",
                "sha256:a2e85dc204556657661051ff4bab75a84e968669765c8a2cd425918699c3d0e8",
                "sha256:a5457d47dfff24882a21492e5815f891c0ca35fefae8aa742c6c263dac16ef1f",
                "sha256:a8dccd61d52a8dae4a825cdbb7735da530179fea472903eb871a5513b5abbfdc",
                "sha256:ae61af521ed676cf16ae94f30fe202781a38d7178b6b4ab622e4eec8cefaff42",
                "sha256:b012a5edb48288f77a63dba0840c92d0504aa215612da4541b7b42d849bc83a3",
                "sha256:d2c5cfa536227f57f97c92ac30c8109688ace8fa4ac086d19d0af47d134e2909",
                "sha256:d42b5796e20aacc9d15e66befb7a345454eef794fdb0737d1af593447c6c8f45",
                "sha256:dee54f5d30d775f525894d67b1495625dd9322945e7fee00731952e0368ff42d",
                "sha256:e070535507bd6aa07124258171be2ee8dfc19119c28ca94c9dfb7efd23564512",
                "sha256:e1ff2748c84d97b065cc95429814cdba39bcbd77c9c85c89344b317dc0d9cbff",
                "sha256:ed851c75d1e0e043cbf5ca9a8e1b13c4c90f3fbd863dacb01c0808e2b5204201"
            ],
            "index": "pypi",
            "version": "==1.12.3"
        },
        "chardet": {
            "hashes": [
                "sha256:84ab92ed1c4d4f16916e05906b6b75a6c0fb5db821cc65e70cbd64a3e2a5eaae",
                "sha256:fc323ffcaeaed0e0a02bf4d117757b98aed530d9ed4531e3e15460124c106691"
            ],
            "version": "==3.0.4"
        },
        "cryptography": {
            "hashes": [
                "sha256:24b61e5fcb506424d3ec4e18bca995833839bf13c59fc43e530e488f28d46b8c",
                "sha256:25dd1581a183e9e7a806fe0543f485103232f940fcfc301db65e630512cce643",
                "sha256:3452bba7c21c69f2df772762be0066c7ed5dc65df494a1d53a58b683a83e1216",
                "sha256:41a0be220dd1ed9e998f5891948306eb8c812b512dc398e5a01846d855050799",
                "sha256:5751d8a11b956fbfa314f6553d186b94aa70fdb03d8a4d4f1c82dcacf0cbe28a",
                "sha256:5f61c7d749048fa6e3322258b4263463bfccefecb0dd731b6561cb617a1d9bb9",
                "sha256:72e24c521fa2106f19623a3851e9f89ddfdeb9ac63871c7643790f872a305dfc",
                "sha256:7b97ae6ef5cba2e3bb14256625423413d5ce8d1abb91d4f29b6d1a081da765f8",
                "sha256:961e886d8a3590fd2c723cf07be14e2a91cf53c25f02435c04d39e90780e3b53",
                "sha256:96d8473848e984184b6728e2c9d391482008646276c3ff084a1bd89e15ff53a1",
                "sha256:ae536da50c7ad1e002c3eee101871d93abdc90d9c5f651818450a0d3af718609",
                "sha256:b0db0cecf396033abb4a93c95d1602f268b3a68bb0a9cc06a7cff587bb9a7292",
                "sha256:cfee9164954c186b191b91d4193989ca994703b2fff406f71cf454a2d3c7327e",
                "sha256:e6347742ac8f35ded4a46ff835c60e68c22a536a8ae5c4422966d06946b6d4c6",
                "sha256:f27d93f0139a3c056172ebb5d4f9056e770fdf0206c2f422ff2ebbad142e09ed",
                "sha256:f57b76e46a58b63d1c6375017f4564a28f19a5ca912691fd2e4261b3414b618d"
            ],
            "index": "pypi",
            "version": "==2.7"
        },
        "idna": {
            "hashes": [
                "sha256:c357b3f628cf53ae2c4c05627ecc484553142ca23264e593d327bcde5e9c3407",
                "sha256:ea8b7f6188e6fa117537c3df7da9fc686d485087abf6ac197f9c46432f7e4a3c"
            ],
            "version": "==2.8"
        },
        "importlib-metadata": {
            "hashes": [
                "sha256:65a9576a5b2d58ca44d133c42a241905cc45e34d2c06fd5ba2bafa221e5d7b5e",
                "sha256:766abffff765960fcc18003801f7044eb6755ffae4521c8e8ce8e83b9c9b0668"
            ],
            "markers": "python_version >= '3.6'",
            "version": "==4.8.3"
        },
        "more-itertools": {
            "hashes": [
                "sha256:1bc4f91ee5b1b31ac7ceacc17c09befe6a40a503907baf9c839c229b5095cfd2",
                "sha256:c09443cd3d5438b8dafccd867a6bc1cb0894389e90cb53d227456b0b0bccb750"
            ],
            "markers": "python_version > '2.7'",
            "version": "==8.14.0"
        },
        "packaging": {
            "hashes": [
                "sha256:dd47c42927d89ab911e606518907cc2d3a1f38bbd026385970643f9c5b8ecfeb",
                "sha256:ef103e05f519cdc783ae24ea4e2e0f508a9c99b2d4969652eed6a2e1ea5bd522"
            ],
            "markers": "python_version >= '3.6'",
            "version": "==21.3"
        },
        "pathtools": {
            "hashes": [
                "sha256:7c35c5421a39bb82e58018febd90e3b6e5db34c5443aaaf742b3f33d4655f1c0"
            ],
            "version": "==0.1.2"
        },
        "pluggy": {
            "hashes": [
                "sha256:15b2acde666561e1298d71b523007ed7364de07029219b604cf808bfa1c765b0",
                "sha256:966c145cd83c96502c3c3868f50408687b38434af77734af1e9ca461a4081d2d"
            ],
            "markers": "python_version >= '2.7' and python_version not in '3.0, 3.1, 3.2, 3.3'",
            "version": "==0.13.1"
        },
        "psutil": {
            "hashes": [
                "sha256:206eb909aa8878101d0eca07f4b31889c748f34ed6820a12eb3168c7aa17478e",
                "sha256:649f7ffc02114dced8fbd08afcd021af75f5f5b2311bc0e69e53e8f100fe296f",
                "sha256:6ebf2b9c996bb8c7198b385bade468ac8068ad8b78c54a58ff288cd5f61992c7",
                "sha256:753c5988edc07da00dafd6d3d279d41f98c62cd4d3a548c4d05741a023b0c2e7",
                "sha256:76fb0956d6d50e68e3f22e7cc983acf4e243dc0fcc32fd693d398cb21c928802",
                "sha256:828e1c3ca6756c54ac00f1427fdac8b12e21b8a068c3bb9b631a1734cada25ed",
                "sha256:a4c62319ec6bf2b3570487dd72d471307ae5495ce3802c1be81b8a22e438b4bc",
                "sha256:acba1df9da3983ec3c9c963adaaf530fcb4be0cd400a8294f1ecc2db56499ddd",
                "sha256:ef342cb7d9b60e6100364f50c57fa3a77d02ff8665d5b956746ac01901247ac4"
            ],
            "index": "pypi",
            "version": "==5.6.2"
        },
        "py": {
            "hashes": [
                "sha256:51c75c4126074b472f746a24399ad32f6053d1b34b68d2fa41e558e6f4a98719",
                "sha256:607c53218732647dff4acdfcd50cb62615cedf612e72d1724fb1a0cc6405b378"
            ],
            "markers": "python_version >= '2.7' and python_version not in '3.0, 3.1, 3.2, 3.3, 3.4'",
            "version": "==1.11.0"
        },
        "pycparser": {
            "hashes": [
                "sha256:8ee45429555515e1f6b185e78100aea234072576aa43ab53aefcae078162fca9",
                "sha256:e644fdec12f7872f86c58ff790da456218b10f863970249516d60a5eaca77206"
            ],
            "version": "==2.21"
        },
        "pycurl": {
            "hashes": [
                "sha256:0f0cdfc7a92d4f2a5c44226162434e34f7d6967d3af416a6f1448649c09a25a4",
                "sha256:10510a0016c862af467c6e069e051409f15f5831552bed03f5104b395a5d7dd1",
                "sha256:14e407e00a3881bd6778107945e37b52491a7f1906be8e34af52e55b4776230d",
                "sha256:208dd2c89e80d32a69397ba8a5cdb3bc0dc60f961a4f2a9662e5e1624dc799d1",
                "sha256:283b6fbfbee4c1b5f5cb8c375f4d078295e8781d471f0d990f5f751339799db8",
                "sha256:4109cdfbae56423a315e1191c05d5b5ade1f6068cc7d502ec62fb6466ea73ef0",
                "sha256:6dc6ee5e7628400083471cba8044010860fe8b22e4dee05e42150a68047d7d9d",
                "sha256:794bda39ea6fe434b6e1f58ab3bea9f0e6123fb43702fecd760eed6f1547b20a",
                "sha256:d7480a0b6eda713e11d8fa9a39efafec7c5f2339ba6d9911920fc1e2630c8b24",
                "sha256:dae7277e7c06da00947f3cd32c095b1e65eae09f07478ada4ea9dfa57020b646",
                "sha256:df6f42787c39304522a00ecaa0a7fac5daffd0aa89044c68fc9fd5d683dd2ed5",
                "sha256:eccea049aef47decc380746b3ff242d95636d578c907d0eab3b00918292d6c48",
                "sha256:fe12f59e7bc6c217f12c6726c2617238fd4c0d53b28db956de592252da4e5bb0"
            ],
            "index": "pypi",
            "version": "==7.43.0.2"
        },
        "pyparsing": {
            "hashes": [
                "sha256:2b020ecf7d21b687f219b71ecad3631f644a47f01403fa1d1036b0c6416d70fb",
                "sha256:5026bae9a10eeaefb61dab2f09052b9f4307d44aee4eda64b309723d8d206bbc"
            ],
            "markers": "python_full_version >= '3.6.8'",
            "version": "==3.0.9"
        },
        "pytest": {
            "hashes": [
                "sha256:6032845e68a17a96e8da3088037f899b56357769a724122056265ca2ea1890ee",
                "sha256:bea27a646a3d74cbbcf8d3d4a06b2dfc336baf3dc2cc85cf70ad0157e73e8322"
            ],
            "index": "pypi",
            "version": "==4.6.2"
        },
        "python-dateutil": {
            "hashes": [
                "sha256:0123cacc1627ae19ddf3c27a5de5bd67ee4586fbdd6440d9748f8abb483d3e86",
                "sha256:961d03dc3453ebbc59dbdea9e4e11c5651520a876d0f4db161e8674aae935da9"
            ],
            "index": "pypi",
            "version": "==2.8.2"
        },
        "pyyaml": {
            "hashes": [
                "sha256:01b45c0191e6d66c470b6cf1b9531a771a83c1c4208272ead47a3ae4f2f603bf",
                "sha256:0283c35a6a9fbf047493e3a0ce8d79ef5030852c51e9d911a27badfde0605293",
                "sha256:055d937d65826939cb044fc8c9b08889e8c743fdc6a32b33e2390f66013e449b",
                "sha256:07751360502caac1c067a8132d150cf3d61339af5691fe9e87803040dbc5db57",
                "sha256:0b4624f379dab24d3725ffde76559cff63d9ec94e1736b556dacdfebe5ab6d4b",
                "sha256:0ce82d761c532fe4ec3f87fc45688bdd3a4c1dc5e0b4a19814b9009a29baefd4",
                "sha256:1e4747bc279b4f613a09eb64bba2ba602d8a6664c6ce6396a4d0cd413a50ce07",
                "sha256:213c60cd50106436cc818accf5baa1aba61c0189ff610f64f4a3e8c6726218ba",
                "sha256:231710d57adfd809ef5d34183b8ed1eeae3f76459c18fb4a0b373ad56bedcdd9",
                "sha256:277a0ef2981ca40581a47093e9e2d13b3f1fbbeffae064c1d21bfceba2030287",
                "sha256:2cd5df3de48857ed0544b34e2d40e9fac445930039f3cfe4bcc592a1f836d513",
                "sha256:40527857252b61eacd1d9af500c3337ba8deb8fc298940291486c465c8b46ec0",
                "sha256:432557aa2c09802be39460360ddffd48156e30721f5e8d917f01d31694216782",
                "sha256:473f9edb243cb1935ab5a084eb238d842fb8f404ed2193a915d1784b5a6b5fc0",
                "sha256:48c346915c114f5fdb3ead70312bd042a953a8ce5c7106d5bfb1a5254e47da92",
                "sha256:50602afada6d6cbfad699b0c7bb50d5ccffa7e46a3d738092afddc1f9758427f",
                "sha256:68fb519c14306fec9720a2a5b45bc9f0c8d1b9c72adf45c37baedfcd949c35a2",
                "sha256:77f396e6ef4c73fdc33a9157446466f1cff553d979bd00ecb64385760c6babdc",
                "sha256:81957921f441d50af23654aa6c5e5eaf9b06aba7f0a19c18a538dc7ef291c5a1",
                "sha256:819b3830a1543db06c4d4b865e70ded25be52a2e0631ccd2f6a47a2822f2fd7c",
                "sha256:897b80890765f037df3403d22bab41627ca8811ae55e9a722fd0392850ec4d86",
                "sha256:98c4d36e99714e55cfbaaee6dd5badbc9a1ec339ebfc3b1f52e293aee6bb71a4",
                "sha256:9df7ed3b3d2e0ecfe09e14741b857df43adb5a3ddadc919a2d94fbdf78fea53c",
                "sha256:9fa600030013c4de8165339db93d182b9431076eb98eb40ee068700c9c813e34",
                "sha256:a80a78046a72361de73f8f395f1f1e49f956c6be882eed58505a15f3e430962b",
                "sha256:afa17f5bc4d1b10afd4466fd3a44dc0e245382deca5b3c353d8b757f9e3ecb8d",
                "sha256:b3d267842bf12586ba6c734f89d1f5b871df0273157918b0ccefa29deb05c21c",
                "sha256:b5b9eccad747aabaaffbc6064800670f0c297e52c12754eb1d976c57e4f74dcb",
                "sha256:bfaef573a63ba8923503d27530362590ff4f576c626d86a9fed95822a8255fd7",
                "sha256:c5687b8d43cf58545ade1fe3e055f70eac7a5a1a0bf42824308d868289a95737",
                "sha256:cba8c411ef271aa037d7357a2bc8f9ee8b58b9965831d9e51baf703280dc73d3",
                "sha256:d15a181d1ecd0d4270dc32edb46f7cb7733c7c508857278d3d378d14d606db2d",
                "sha256:d4b0ba9512519522b118090257be113b9468d804b19d63c71dbcf4a48fa32358",
                "sha256:d4db7c7aef085872ef65a8fd7d6d09a14ae91f691dec3e87ee5ee0539d516f53",
                "sha256:d4eccecf9adf6fbcc6861a38015c2a64f38b9d94838ac1810a9023a0609e1b78",
                "sha256:d67d839ede4ed1b28a4e8909735fc992a923cdb84e618544973d7dfc71540803",
                "sha256:daf496c58a8c52083df09b80c860005194014c3698698d1a57cbcfa182142a3a",
                "sha256:dbad0e9d368bb989f4515da330b88a057617d16b6a8245084f1b05400f24609f",
                "sha256:e61ceaab6f49fb8bdfaa0f92c4b57bcfbea54c09277b1b4f7ac376bfb7a7c174",
                "sha256:f84fbc98b019fef2ee9a1cb3ce93e3187a6df0b2538a651bfb890254ba9f90b5"
            ],
            "markers": "python_version >= '3.6'",
            "version": "==6.0"
        },
        "requests": {
            "hashes": [
                "sha256:11e007a8a2aa0323f5a921e9e6a2d7e4e67d9877e85773fba9ba6419025cbeb4",
                "sha256:9cf5292fcd0f598c671cfc1e0d7d1a7f13bb8085e9a590f48c010551dc6c4b31"
            ],
            "index": "pypi",
            "version": "==2.22.0"
        },
        "six": {
            "hashes": [
                "sha256:1e61c37477a1626458e36f7b1d82aa5c9b094fa4802892072e49de9c60c4c926",
                "sha256:8abb2f1d86890a2dfb989f9a77cfcfd3e47c2a354b01111771326f8aa26e0254"
            ],
            "markers": "python_version >= '2.7' and python_version not in '3.0, 3.1, 3.2, 3.3'",
            "version": "==1.16.0"
        },
        "termcolor": {
            "hashes": [
                "sha256:1d6d69ce66211143803fbc56652b41d73b4a400a2891d7bf7a1cdf4c02de613b"
            ],
            "index": "pypi",
            "version": "==1.1.0"
        },
        "tornado": {
            "hashes": [
                "sha256:1174dcb84d08887b55defb2cda1986faeeea715fff189ef3dc44cce99f5fca6b",
                "sha256:2613fab506bd2aedb3722c8c64c17f8f74f4070afed6eea17f20b2115e445aec",
                "sha256:44b82bc1146a24e5b9853d04c142576b4e8fa7a92f2e30bc364a85d1f75c4de2",
                "sha256:457fcbee4df737d2defc181b9073758d73f54a6cfc1f280533ff48831b39f4a8",
                "sha256:49603e1a6e24104961497ad0c07c799aec1caac7400a6762b687e74c8206677d",
                "sha256:8c2f40b99a8153893793559919a355d7b74649a11e59f411b0b0a1793e160bc0",
                "sha256:e1d897889c3b5a829426b7d52828fb37b28bc181cd598624e65c8be40ee3f7fa"
            ],
            "index": "pypi",
            "version": "==6.0.2"
        },
        "typing-extensions": {
            "hashes": [
                "sha256:1a9462dcc3347a79b1f1c0271fbe79e844580bb598bafa1ed208b94da3cdcd42",
                "sha256:21c85e0fe4b9a155d0799430b0ad741cdce7e359660ccbd8b530613e8df88ce2"
            ],
            "markers": "python_version < '3.8'",
            "version": "==4.1.1"
        },
        "urllib3": {
            "hashes": [
                "sha256:8d7eaa5a82a1cac232164990f04874c594c9453ec55eef02eab885aa02fc17a2",
                "sha256:f5321fbe4bf3fefa0efd0bfe7fb14e90909eb62a48ccda331726b4319897dd5e"
            ],
            "markers": "python_version >= '2.7' and python_version not in '3.0, 3.1, 3.2, 3.3, 3.4' and python_version < '4'",
            "version": "==1.25.11"
        },
        "watchdog": {
            "hashes": [
                "sha256:965f658d0732de3188211932aeb0bb457587f04f63ab4c1e33eab878e9de961d"
            ],
            "index": "pypi",
            "version": "==0.9.0"
        },
        "wcwidth": {
            "hashes": [
                "sha256:beb4802a9cebb9144e99086eff703a642a13d6a0052920003a230f3294bbe784",
                "sha256:c4d647b99872929fdb7bdcaa4fbe7f01413ed3d98077df798530e5b04f116c83"
            ],
            "version": "==0.2.5"
        },
        "zipp": {
            "hashes": [
                "sha256:71c644c5369f4a6e07636f0aa966270449561fcea2e3d6747b8d23efaa9d7832",
                "sha256:9fe5ea21568a0a70e50f273397638d39b03353731e6cbbb3fd8502a33fec40bc"
            ],
            "markers": "python_version >= '3.6'",
            "version": "==3.6.0"
        }
    },
    "develop": {}
}
